{
  "object": {
    "pins": [
      {
        "package": "SwiftUI-MediaPicker",
        "repositoryURL": "https://github.com/UWAppDev/SwiftUI-MediaPicker.git",
        "state": {
          "branch": "main",
          "revision": "b1edb0d844f37d5e9a584a2ff4c89ec561b295bc",
          "version": null
        }
      }
    ]
  },
  "version": 1
}
