// !$*UTF8*$!
{
	archiveVersion = 1;
	classes = {
	};
	objectVersion = 55;
	objects = {

/* Begin PBXBuildFile section */
		A060B525272D39AD00EABD0A /* MealEditor.swift in Sources */ = {isa = PBXBuildFile; fileRef = A060B524272D39AD00EABD0A /* MealEditor.swift */; };
		A060B526272D39AD00EABD0A /* MealEditor.swift in Sources */ = {isa = PBXBuildFile; fileRef = A060B524272D39AD00EABD0A /* MealEditor.swift */; };
		A0D10E39272F2951005FA0D6 /* PhotoPicker.swift in Sources */ = {isa = PBXBuildFile; fileRef = A0D10E38272F2951005FA0D6 /* PhotoPicker.swift */; };
		A0D10E3A272F2956005FA0D6 /* PhotoPicker.swift in Sources */ = {isa = PBXBuildFile; fileRef = A0D10E38272F2951005FA0D6 /* PhotoPicker.swift */; };
		D204998E27335A6C0001264D /* MediaPicker in Frameworks */ = {isa = PBXBuildFile; productRef = D204998D27335A6C0001264D /* MediaPicker */; };
		D204999027335A790001264D /* MediaPicker in Frameworks */ = {isa = PBXBuildFile; productRef = D204998F27335A790001264D /* MediaPicker */; };
		D235695C26FC41E200284277 /* StarRating.swift in Sources */ = {isa = PBXBuildFile; fileRef = D235695B26FC41E200284277 /* StarRating.swift */; };
		D235695D26FC41E200284277 /* StarRating.swift in Sources */ = {isa = PBXBuildFile; fileRef = D235695B26FC41E200284277 /* StarRating.swift */; };
		D2600BD22730AA0100C62C5D /* NewMealEditor.swift in Sources */ = {isa = PBXBuildFile; fileRef = D2600BD12730AA0100C62C5D /* NewMealEditor.swift */; };
		D2600BD32730AA0100C62C5D /* NewMealEditor.swift in Sources */ = {isa = PBXBuildFile; fileRef = D2600BD12730AA0100C62C5D /* NewMealEditor.swift */; };
		D29F5E8D272D26BD001F94D0 /* Meal.swift in Sources */ = {isa = PBXBuildFile; fileRef = D29F5E8C272D26BD001F94D0 /* Meal.swift */; };
		D29F5E8E272D26BD001F94D0 /* Meal.swift in Sources */ = {isa = PBXBuildFile; fileRef = D29F5E8C272D26BD001F94D0 /* Meal.swift */; };
		D29F5E96272D27DB001F94D0 /* FoodTrackerTests.swift in Sources */ = {isa = PBXBuildFile; fileRef = D29F5E95272D27DB001F94D0 /* FoodTrackerTests.swift */; };
		D29F5EA9272D29C0001F94D0 /* FoodTrackerTests.swift in Sources */ = {isa = PBXBuildFile; fileRef = D29F5E95272D27DB001F94D0 /* FoodTrackerTests.swift */; };
		D29F5EAB272D3367001F94D0 /* NativeImage.swift in Sources */ = {isa = PBXBuildFile; fileRef = D29F5EAA272D3367001F94D0 /* NativeImage.swift */; };
		D29F5EAC272D3367001F94D0 /* NativeImage.swift in Sources */ = {isa = PBXBuildFile; fileRef = D29F5EAA272D3367001F94D0 /* NativeImage.swift */; };
		D2F86DF7272DD82000533647 /* MealStore.swift in Sources */ = {isa = PBXBuildFile; fileRef = D2F86DF6272DD82000533647 /* MealStore.swift */; };
		D2F86DF8272DD82000533647 /* MealStore.swift in Sources */ = {isa = PBXBuildFile; fileRef = D2F86DF6272DD82000533647 /* MealStore.swift */; };
		F7EED30126FC2F36001EA317 /* FoodTrackerApp.swift in Sources */ = {isa = PBXBuildFile; fileRef = F7EED2F326FC2F35001EA317 /* FoodTrackerApp.swift */; };
		F7EED30226FC2F36001EA317 /* FoodTrackerApp.swift in Sources */ = {isa = PBXBuildFile; fileRef = F7EED2F326FC2F35001EA317 /* FoodTrackerApp.swift */; };
		F7EED30326FC2F36001EA317 /* ContentView.swift in Sources */ = {isa = PBXBuildFile; fileRef = F7EED2F426FC2F35001EA317 /* ContentView.swift */; };
		F7EED30426FC2F36001EA317 /* ContentView.swift in Sources */ = {isa = PBXBuildFile; fileRef = F7EED2F426FC2F35001EA317 /* ContentView.swift */; };
		F7EED30526FC2F36001EA317 /* Assets.xcassets in Resources */ = {isa = PBXBuildFile; fileRef = F7EED2F526FC2F36001EA317 /* Assets.xcassets */; };
		F7EED30626FC2F36001EA317 /* Assets.xcassets in Resources */ = {isa = PBXBuildFile; fileRef = F7EED2F526FC2F36001EA317 /* Assets.xcassets */; };
/* End PBXBuildFile section */

/* Begin PBXContainerItemProxy section */
		D29F5E97272D27DB001F94D0 /* PBXContainerItemProxy */ = {
			isa = PBXContainerItemProxy;
			containerPortal = F7EED2EE26FC2F35001EA317 /* Project object */;
			proxyType = 1;
			remoteGlobalIDString = F7EED2F926FC2F36001EA317;
			remoteInfo = "FoodTracker (iOS)";
		};
		D29F5EA4272D2858001F94D0 /* PBXContainerItemProxy */ = {
			isa = PBXContainerItemProxy;
			containerPortal = F7EED2EE26FC2F35001EA317 /* Project object */;
			proxyType = 1;
			remoteGlobalIDString = F7EED2FF26FC2F36001EA317;
			remoteInfo = "FoodTracker (macOS)";
		};
/* End PBXContainerItemProxy section */

/* Begin PBXFileReference section */
		A060B524272D39AD00EABD0A /* MealEditor.swift */ = {isa = PBXFileReference; lastKnownFileType = sourcecode.swift; path = MealEditor.swift; sourceTree = "<group>"; };
		A0D10E38272F2951005FA0D6 /* PhotoPicker.swift */ = {isa = PBXFileReference; lastKnownFileType = sourcecode.swift; path = PhotoPicker.swift; sourceTree = "<group>"; };
		D21B587227004C0800CF778A /* README.md */ = {isa = PBXFileReference; lastKnownFileType = net.daringfireball.markdown; path = README.md; sourceTree = "<group>"; };
		D21B587327004C0800CF778A /* LICENSE */ = {isa = PBXFileReference; lastKnownFileType = text; path = LICENSE; sourceTree = "<group>"; };
		D235695B26FC41E200284277 /* StarRating.swift */ = {isa = PBXFileReference; lastKnownFileType = sourcecode.swift; path = StarRating.swift; sourceTree = "<group>"; };
		D2600BD12730AA0100C62C5D /* NewMealEditor.swift */ = {isa = PBXFileReference; lastKnownFileType = sourcecode.swift; path = NewMealEditor.swift; sourceTree = "<group>"; };
		D29F5E8C272D26BD001F94D0 /* Meal.swift */ = {isa = PBXFileReference; lastKnownFileType = sourcecode.swift; path = Meal.swift; sourceTree = "<group>"; };
		D29F5E93272D27DB001F94D0 /* FoodTrackerTests-iOS.xctest */ = {isa = PBXFileReference; explicitFileType = wrapper.cfbundle; includeInIndex = 0; path = "FoodTrackerTests-iOS.xctest"; sourceTree = BUILT_PRODUCTS_DIR; };
		D29F5E95272D27DB001F94D0 /* FoodTrackerTests.swift */ = {isa = PBXFileReference; lastKnownFileType = sourcecode.swift; path = FoodTrackerTests.swift; sourceTree = "<group>"; };
		D29F5EA0272D2858001F94D0 /* FoodTrackerTests-macOS.xctest */ = {isa = PBXFileReference; explicitFileType = wrapper.cfbundle; includeInIndex = 0; path = "FoodTrackerTests-macOS.xctest"; sourceTree = BUILT_PRODUCTS_DIR; };
		D29F5EAA272D3367001F94D0 /* NativeImage.swift */ = {isa = PBXFileReference; lastKnownFileType = sourcecode.swift; path = NativeImage.swift; sourceTree = "<group>"; };
		D2F86DF6272DD82000533647 /* MealStore.swift */ = {isa = PBXFileReference; lastKnownFileType = sourcecode.swift; path = MealStore.swift; sourceTree = "<group>"; };
		F7EED2F326FC2F35001EA317 /* FoodTrackerApp.swift */ = {isa = PBXFileReference; lastKnownFileType = sourcecode.swift; path = FoodTrackerApp.swift; sourceTree = "<group>"; };
		F7EED2F426FC2F35001EA317 /* ContentView.swift */ = {isa = PBXFileReference; lastKnownFileType = sourcecode.swift; path = ContentView.swift; sourceTree = "<group>"; };
		F7EED2F526FC2F36001EA317 /* Assets.xcassets */ = {isa = PBXFileReference; lastKnownFileType = folder.assetcatalog; path = Assets.xcassets; sourceTree = "<group>"; };
		F7EED2FA26FC2F36001EA317 /* FoodTracker.app */ = {isa = PBXFileReference; explicitFileType = wrapper.application; includeInIndex = 0; path = FoodTracker.app; sourceTree = BUILT_PRODUCTS_DIR; };
		F7EED30026FC2F36001EA317 /* FoodTracker.app */ = {isa = PBXFileReference; explicitFileType = wrapper.application; includeInIndex = 0; path = FoodTracker.app; sourceTree = BUILT_PRODUCTS_DIR; };
/* End PBXFileReference section */

/* Begin PBXFrameworksBuildPhase section */
		D29F5E90272D27DB001F94D0 /* Frameworks */ = {
			isa = PBXFrameworksBuildPhase;
			buildActionMask = 2147483647;
			files = (
			);
			runOnlyForDeploymentPostprocessing = 0;
		};
		D29F5E9D272D2858001F94D0 /* Frameworks */ = {
			isa = PBXFrameworksBuildPhase;
			buildActionMask = 2147483647;
			files = (
			);
			runOnlyForDeploymentPostprocessing = 0;
		};
		F7EED2F726FC2F36001EA317 /* Frameworks */ = {
			isa = PBXFrameworksBuildPhase;
			buildActionMask = 2147483647;
			files = (
				D204998E27335A6C0001264D /* MediaPicker in Frameworks */,
			);
			runOnlyForDeploymentPostprocessing = 0;
		};
		F7EED2FD26FC2F36001EA317 /* Frameworks */ = {
			isa = PBXFrameworksBuildPhase;
			buildActionMask = 2147483647;
			files = (
				D204999027335A790001264D /* MediaPicker in Frameworks */,
			);
			runOnlyForDeploymentPostprocessing = 0;
		};
/* End PBXFrameworksBuildPhase section */

/* Begin PBXGroup section */
		D2600BCE2730A80C00C62C5D /* Frameworks */ = {
			isa = PBXGroup;
			children = (
			);
			name = Frameworks;
			sourceTree = "<group>";
		};
		D29F5E94272D27DB001F94D0 /* FoodTrackerTests */ = {
			isa = PBXGroup;
			children = (
				D29F5E95272D27DB001F94D0 /* FoodTrackerTests.swift */,
			);
			path = FoodTrackerTests;
			sourceTree = "<group>";
		};
		F7EED2ED26FC2F35001EA317 = {
			isa = PBXGroup;
			children = (
				D21B587227004C0800CF778A /* README.md */,
				D21B587327004C0800CF778A /* LICENSE */,
				F7EED2F226FC2F35001EA317 /* FoodTracker.swiftpm */,
				D29F5E94272D27DB001F94D0 /* FoodTrackerTests */,
				F7EED2FB26FC2F36001EA317 /* Products */,
				D2600BCE2730A80C00C62C5D /* Frameworks */,
			);
			sourceTree = "<group>";
		};
		F7EED2F226FC2F35001EA317 /* FoodTracker.swiftpm */ = {
			isa = PBXGroup;
			children = (
				F7EED2F326FC2F35001EA317 /* FoodTrackerApp.swift */,
				F7EED2F426FC2F35001EA317 /* ContentView.swift */,
				A0D10E38272F2951005FA0D6 /* PhotoPicker.swift */,
				A060B524272D39AD00EABD0A /* MealEditor.swift */,
				D2600BD12730AA0100C62C5D /* NewMealEditor.swift */,
				D235695B26FC41E200284277 /* StarRating.swift */,
				D29F5E8C272D26BD001F94D0 /* Meal.swift */,
				D2F86DF6272DD82000533647 /* MealStore.swift */,
				F7EED2F526FC2F36001EA317 /* Assets.xcassets */,
				D29F5EAA272D3367001F94D0 /* NativeImage.swift */,
			);
			path = FoodTracker.swiftpm;
			sourceTree = "<group>";
		};
		F7EED2FB26FC2F36001EA317 /* Products */ = {
			isa = PBXGroup;
			children = (
				F7EED2FA26FC2F36001EA317 /* FoodTracker.app */,
				F7EED30026FC2F36001EA317 /* FoodTracker.app */,
				D29F5E93272D27DB001F94D0 /* FoodTrackerTests-iOS.xctest */,
				D29F5EA0272D2858001F94D0 /* FoodTrackerTests-macOS.xctest */,
			);
			name = Products;
			sourceTree = "<group>";
		};
/* End PBXGroup section */

/* Begin PBXNativeTarget section */
		D29F5E92272D27DB001F94D0 /* FoodTrackerTests-iOS */ = {
			isa = PBXNativeTarget;
			buildConfigurationList = D29F5E99272D27DB001F94D0 /* Build configuration list for PBXNativeTarget "FoodTrackerTests-iOS" */;
			buildPhases = (
				D29F5E8F272D27DB001F94D0 /* Sources */,
				D29F5E90272D27DB001F94D0 /* Frameworks */,
				D29F5E91272D27DB001F94D0 /* Resources */,
			);
			buildRules = (
			);
			dependencies = (
				D29F5E98272D27DB001F94D0 /* PBXTargetDependency */,
			);
			name = "FoodTrackerTests-iOS";
			productName = FoodTrackerTests;
			productReference = D29F5E93272D27DB001F94D0 /* FoodTrackerTests-iOS.xctest */;
			productType = "com.apple.product-type.bundle.unit-test";
		};
		D29F5E9F272D2858001F94D0 /* FoodTrackerTests-macOS */ = {
			isa = PBXNativeTarget;
			buildConfigurationList = D29F5EA6272D2858001F94D0 /* Build configuration list for PBXNativeTarget "FoodTrackerTests-macOS" */;
			buildPhases = (
				D29F5E9C272D2858001F94D0 /* Sources */,
				D29F5E9D272D2858001F94D0 /* Frameworks */,
				D29F5E9E272D2858001F94D0 /* Resources */,
			);
			buildRules = (
			);
			dependencies = (
				D29F5EA5272D2858001F94D0 /* PBXTargetDependency */,
			);
			name = "FoodTrackerTests-macOS";
			productName = FoodTrackerTests;
			productReference = D29F5EA0272D2858001F94D0 /* FoodTrackerTests-macOS.xctest */;
			productType = "com.apple.product-type.bundle.unit-test";
		};
		F7EED2F926FC2F36001EA317 /* FoodTracker (iOS) */ = {
			isa = PBXNativeTarget;
			buildConfigurationList = F7EED30926FC2F36001EA317 /* Build configuration list for PBXNativeTarget "FoodTracker (iOS)" */;
			buildPhases = (
				F7EED2F626FC2F36001EA317 /* Sources */,
				F7EED2F726FC2F36001EA317 /* Frameworks */,
				F7EED2F826FC2F36001EA317 /* Resources */,
			);
			buildRules = (
			);
			dependencies = (
			);
			name = "FoodTracker (iOS)";
			packageProductDependencies = (
				D204998D27335A6C0001264D /* MediaPicker */,
			);
			productName = "FoodTracker (iOS)";
			productReference = F7EED2FA26FC2F36001EA317 /* FoodTracker.app */;
			productType = "com.apple.product-type.application";
		};
		F7EED2FF26FC2F36001EA317 /* FoodTracker (macOS) */ = {
			isa = PBXNativeTarget;
			buildConfigurationList = F7EED30C26FC2F36001EA317 /* Build configuration list for PBXNativeTarget "FoodTracker (macOS)" */;
			buildPhases = (
				F7EED2FC26FC2F36001EA317 /* Sources */,
				F7EED2FD26FC2F36001EA317 /* Frameworks */,
				F7EED2FE26FC2F36001EA317 /* Resources */,
			);
			buildRules = (
			);
			dependencies = (
			);
			name = "FoodTracker (macOS)";
			packageProductDependencies = (
				D204998F27335A790001264D /* MediaPicker */,
			);
			productName = "FoodTracker (macOS)";
			productReference = F7EED30026FC2F36001EA317 /* FoodTracker.app */;
			productType = "com.apple.product-type.application";
		};
/* End PBXNativeTarget section */

/* Begin PBXProject section */
		F7EED2EE26FC2F35001EA317 /* Project object */ = {
			isa = PBXProject;
			attributes = {
				BuildIndependentTargetsInParallel = 1;
				LastSwiftUpdateCheck = 1320;
				LastUpgradeCheck = 1300;
				ORGANIZATIONNAME = "AppDev@UW.edu";
				TargetAttributes = {
					D29F5E92272D27DB001F94D0 = {
						CreatedOnToolsVersion = 13.2;
						TestTargetID = F7EED2F926FC2F36001EA317;
					};
					D29F5E9F272D2858001F94D0 = {
						CreatedOnToolsVersion = 13.2;
						TestTargetID = F7EED2FF26FC2F36001EA317;
					};
					F7EED2F926FC2F36001EA317 = {
						CreatedOnToolsVersion = 13.0;
					};
					F7EED2FF26FC2F36001EA317 = {
						CreatedOnToolsVersion = 13.0;
					};
				};
			};
			buildConfigurationList = F7EED2F126FC2F35001EA317 /* Build configuration list for PBXProject "FoodTracker" */;
			compatibilityVersion = "Xcode 13.0";
			developmentRegion = en;
			hasScannedForEncodings = 0;
			knownRegions = (
				en,
				Base,
			);
			mainGroup = F7EED2ED26FC2F35001EA317;
			packageReferences = (
				D204998C27335A6C0001264D /* XCRemoteSwiftPackageReference "SwiftUI-MediaPicker" */,
			);
			productRefGroup = F7EED2FB26FC2F36001EA317 /* Products */;
			projectDirPath = "";
			projectRoot = "";
			targets = (
				F7EED2F926FC2F36001EA317 /* FoodTracker (iOS) */,
				F7EED2FF26FC2F36001EA317 /* FoodTracker (macOS) */,
				D29F5E92272D27DB001F94D0 /* FoodTrackerTests-iOS */,
				D29F5E9F272D2858001F94D0 /* FoodTrackerTests-macOS */,
			);
		};
/* End PBXProject section */

/* Begin PBXResourcesBuildPhase section */
		D29F5E91272D27DB001F94D0 /* Resources */ = {
			isa = PBXResourcesBuildPhase;
			buildActionMask = 2147483647;
			files = (
			);
			runOnlyForDeploymentPostprocessing = 0;
		};
		D29F5E9E272D2858001F94D0 /* Resources */ = {
			isa = PBXResourcesBuildPhase;
			buildActionMask = 2147483647;
			files = (
			);
			runOnlyForDeploymentPostprocessing = 0;
		};
		F7EED2F826FC2F36001EA317 /* Resources */ = {
			isa = PBXResourcesBuildPhase;
			buildActionMask = 2147483647;
			files = (
				F7EED30526FC2F36001EA317 /* Assets.xcassets in Resources */,
			);
			runOnlyForDeploymentPostprocessing = 0;
		};
		F7EED2FE26FC2F36001EA317 /* Resources */ = {
			isa = PBXResourcesBuildPhase;
			buildActionMask = 2147483647;
			files = (
				F7EED30626FC2F36001EA317 /* Assets.xcassets in Resources */,
			);
			runOnlyForDeploymentPostprocessing = 0;
		};
/* End PBXResourcesBuildPhase section */

/* Begin PBXSourcesBuildPhase section */
		D29F5E8F272D27DB001F94D0 /* Sources */ = {
			isa = PBXSourcesBuildPhase;
			buildActionMask = 2147483647;
			files = (
				D29F5E96272D27DB001F94D0 /* FoodTrackerTests.swift in Sources */,
			);
			runOnlyForDeploymentPostprocessing = 0;
		};
		D29F5E9C272D2858001F94D0 /* Sources */ = {
			isa = PBXSourcesBuildPhase;
			buildActionMask = 2147483647;
			files = (
				D29F5EA9272D29C0001F94D0 /* FoodTrackerTests.swift in Sources */,
			);
			runOnlyForDeploymentPostprocessing = 0;
		};
		F7EED2F626FC2F36001EA317 /* Sources */ = {
			isa = PBXSourcesBuildPhase;
			buildActionMask = 2147483647;
			files = (
				D29F5E8D272D26BD001F94D0 /* Meal.swift in Sources */,
				D2600BD22730AA0100C62C5D /* NewMealEditor.swift in Sources */,
				F7EED30326FC2F36001EA317 /* ContentView.swift in Sources */,
				A060B525272D39AD00EABD0A /* MealEditor.swift in Sources */,
				F7EED30126FC2F36001EA317 /* FoodTrackerApp.swift in Sources */,
				D2F86DF7272DD82000533647 /* MealStore.swift in Sources */,
				A0D10E3A272F2956005FA0D6 /* PhotoPicker.swift in Sources */,
				D29F5EAB272D3367001F94D0 /* NativeImage.swift in Sources */,
				D235695C26FC41E200284277 /* StarRating.swift in Sources */,
			);
			runOnlyForDeploymentPostprocessing = 0;
		};
		F7EED2FC26FC2F36001EA317 /* Sources */ = {
			isa = PBXSourcesBuildPhase;
			buildActionMask = 2147483647;
			files = (
				D29F5E8E272D26BD001F94D0 /* Meal.swift in Sources */,
				D2600BD32730AA0100C62C5D /* NewMealEditor.swift in Sources */,
				F7EED30426FC2F36001EA317 /* ContentView.swift in Sources */,
				A060B526272D39AD00EABD0A /* MealEditor.swift in Sources */,
				F7EED30226FC2F36001EA317 /* FoodTrackerApp.swift in Sources */,
				D2F86DF8272DD82000533647 /* MealStore.swift in Sources */,
				A0D10E39272F2951005FA0D6 /* PhotoPicker.swift in Sources */,
				D29F5EAC272D3367001F94D0 /* NativeImage.swift in Sources */,
				D235695D26FC41E200284277 /* StarRating.swift in Sources */,
			);
			runOnlyForDeploymentPostprocessing = 0;
		};
/* End PBXSourcesBuildPhase section */

/* Begin PBXTargetDependency section */
		D29F5E98272D27DB001F94D0 /* PBXTargetDependency */ = {
			isa = PBXTargetDependency;
			target = F7EED2F926FC2F36001EA317 /* FoodTracker (iOS) */;
			targetProxy = D29F5E97272D27DB001F94D0 /* PBXContainerItemProxy */;
		};
		D29F5EA5272D2858001F94D0 /* PBXTargetDependency */ = {
			isa = PBXTargetDependency;
			target = F7EED2FF26FC2F36001EA317 /* FoodTracker (macOS) */;
			targetProxy = D29F5EA4272D2858001F94D0 /* PBXContainerItemProxy */;
		};
/* End PBXTargetDependency section */

/* Begin XCBuildConfiguration section */
		D29F5E9A272D27DB001F94D0 /* Debug */ = {
			isa = XCBuildConfiguration;
			buildSettings = {
				BUNDLE_LOADER = "$(TEST_HOST)";
				CLANG_CXX_LANGUAGE_STANDARD = "gnu++17";
				CODE_SIGN_STYLE = Automatic;
				CURRENT_PROJECT_VERSION = 1;
				DEVELOPMENT_TEAM = 2H866F22W7;
				GENERATE_INFOPLIST_FILE = YES;
				IPHONEOS_DEPLOYMENT_TARGET = 15.2;
				MARKETING_VERSION = 1.0;
				PRODUCT_BUNDLE_IDENTIFIER = dev.uwapp.FoodTracker.FoodTrackerTests;
				PRODUCT_NAME = "$(TARGET_NAME)";
				SDKROOT = iphoneos;
				SWIFT_EMIT_LOC_STRINGS = NO;
				SWIFT_VERSION = 5.0;
				TARGETED_DEVICE_FAMILY = "1,2";
				TEST_HOST = "$(BUILT_PRODUCTS_DIR)/FoodTracker.app/FoodTracker";
			};
			name = Debug;
		};
		D29F5E9B272D27DB001F94D0 /* Release */ = {
			isa = XCBuildConfiguration;
			buildSettings = {
				BUNDLE_LOADER = "$(TEST_HOST)";
				CLANG_CXX_LANGUAGE_STANDARD = "gnu++17";
				CODE_SIGN_STYLE = Automatic;
				CURRENT_PROJECT_VERSION = 1;
				DEVELOPMENT_TEAM = 2H866F22W7;
				GENERATE_INFOPLIST_FILE = YES;
				IPHONEOS_DEPLOYMENT_TARGET = 15.2;
				MARKETING_VERSION = 1.0;
				PRODUCT_BUNDLE_IDENTIFIER = dev.uwapp.FoodTracker.FoodTrackerTests;
				PRODUCT_NAME = "$(TARGET_NAME)";
				SDKROOT = iphoneos;
				SWIFT_EMIT_LOC_STRINGS = NO;
				SWIFT_VERSION = 5.0;
				TARGETED_DEVICE_FAMILY = "1,2";
				TEST_HOST = "$(BUILT_PRODUCTS_DIR)/FoodTracker.app/FoodTracker";
				VALIDATE_PRODUCT = YES;
			};
			name = Release;
		};
		D29F5EA7272D2858001F94D0 /* Debug */ = {
			isa = XCBuildConfiguration;
			buildSettings = {
				BUNDLE_LOADER = "$(TEST_HOST)";
				CLANG_CXX_LANGUAGE_STANDARD = "gnu++17";
				CODE_SIGN_STYLE = Automatic;
				CURRENT_PROJECT_VERSION = 1;
				DEVELOPMENT_TEAM = 2H866F22W7;
				GENERATE_INFOPLIST_FILE = YES;
				MACOSX_DEPLOYMENT_TARGET = 12.1;
				MARKETING_VERSION = 1.0;
				PRODUCT_BUNDLE_IDENTIFIER = dev.uwapp.FoodTracker.FoodTrackerTests;
				PRODUCT_NAME = "$(TARGET_NAME)";
				SDKROOT = macosx;
				SWIFT_EMIT_LOC_STRINGS = NO;
				SWIFT_VERSION = 5.0;
				TEST_HOST = "$(BUILT_PRODUCTS_DIR)/FoodTracker.app/Contents/MacOS/FoodTracker";
			};
			name = Debug;
		};
		D29F5EA8272D2858001F94D0 /* Release */ = {
			isa = XCBuildConfiguration;
			buildSettings = {
				BUNDLE_LOADER = "$(TEST_HOST)";
				CLANG_CXX_LANGUAGE_STANDARD = "gnu++17";
				CODE_SIGN_STYLE = Automatic;
				CURRENT_PROJECT_VERSION = 1;
				DEVELOPMENT_TEAM = 2H866F22W7;
				GENERATE_INFOPLIST_FILE = YES;
				MACOSX_DEPLOYMENT_TARGET = 12.1;
				MARKETING_VERSION = 1.0;
				PRODUCT_BUNDLE_IDENTIFIER = dev.uwapp.FoodTracker.FoodTrackerTests;
				PRODUCT_NAME = "$(TARGET_NAME)";
				SDKROOT = macosx;
				SWIFT_EMIT_LOC_STRINGS = NO;
				SWIFT_VERSION = 5.0;
				TEST_HOST = "$(BUILT_PRODUCTS_DIR)/FoodTracker.app/Contents/MacOS/FoodTracker";
			};
			name = Release;
		};
		F7EED30726FC2F36001EA317 /* Debug */ = {
			isa = XCBuildConfiguration;
			buildSettings = {
				ALWAYS_SEARCH_USER_PATHS = NO;
				CLANG_ANALYZER_NONNULL = YES;
				CLANG_ANALYZER_NUMBER_OBJECT_CONVERSION = YES_AGGRESSIVE;
				CLANG_CXX_LANGUAGE_STANDARD = "gnu++14";
				CLANG_CXX_LIBRARY = "libc++";
				CLANG_ENABLE_MODULES = YES;
				CLANG_ENABLE_OBJC_ARC = YES;
				CLANG_ENABLE_OBJC_WEAK = YES;
				CLANG_WARN_BLOCK_CAPTURE_AUTORELEASING = YES;
				CLANG_WARN_BOOL_CONVERSION = YES;
				CLANG_WARN_COMMA = YES;
				CLANG_WARN_CONSTANT_CONVERSION = YES;
				CLANG_WARN_DEPRECATED_OBJC_IMPLEMENTATIONS = YES;
				CLANG_WARN_DIRECT_OBJC_ISA_USAGE = YES_ERROR;
				CLANG_WARN_DOCUMENTATION_COMMENTS = YES;
				CLANG_WARN_EMPTY_BODY = YES;
				CLANG_WARN_ENUM_CONVERSION = YES;
				CLANG_WARN_INFINITE_RECURSION = YES;
				CLANG_WARN_INT_CONVERSION = YES;
				CLANG_WARN_NON_LITERAL_NULL_CONVERSION = YES;
				CLANG_WARN_OBJC_IMPLICIT_RETAIN_SELF = YES;
				CLANG_WARN_OBJC_LITERAL_CONVERSION = YES;
				CLANG_WARN_OBJC_ROOT_CLASS = YES_ERROR;
				CLANG_WARN_QUOTED_INCLUDE_IN_FRAMEWORK_HEADER = YES;
				CLANG_WARN_RANGE_LOOP_ANALYSIS = YES;
				CLANG_WARN_STRICT_PROTOTYPES = YES;
				CLANG_WARN_SUSPICIOUS_MOVE = YES;
				CLANG_WARN_UNGUARDED_AVAILABILITY = YES_AGGRESSIVE;
				CLANG_WARN_UNREACHABLE_CODE = YES;
				CLANG_WARN__DUPLICATE_METHOD_MATCH = YES;
				COPY_PHASE_STRIP = NO;
				DEBUG_INFORMATION_FORMAT = dwarf;
				ENABLE_STRICT_OBJC_MSGSEND = YES;
				ENABLE_TESTABILITY = YES;
				GCC_C_LANGUAGE_STANDARD = gnu11;
				GCC_DYNAMIC_NO_PIC = NO;
				GCC_NO_COMMON_BLOCKS = YES;
				GCC_OPTIMIZATION_LEVEL = 0;
				GCC_PREPROCESSOR_DEFINITIONS = (
					"DEBUG=1",
					"$(inherited)",
				);
				GCC_WARN_64_TO_32_BIT_CONVERSION = YES;
				GCC_WARN_ABOUT_RETURN_TYPE = YES_ERROR;
				GCC_WARN_UNDECLARED_SELECTOR = YES;
				GCC_WARN_UNINITIALIZED_AUTOS = YES_AGGRESSIVE;
				GCC_WARN_UNUSED_FUNCTION = YES;
				GCC_WARN_UNUSED_VARIABLE = YES;
				MTL_ENABLE_DEBUG_INFO = INCLUDE_SOURCE;
				MTL_FAST_MATH = YES;
				ONLY_ACTIVE_ARCH = YES;
				SWIFT_ACTIVE_COMPILATION_CONDITIONS = DEBUG;
				SWIFT_OPTIMIZATION_LEVEL = "-Onone";
			};
			name = Debug;
		};
		F7EED30826FC2F36001EA317 /* Release */ = {
			isa = XCBuildConfiguration;
			buildSettings = {
				ALWAYS_SEARCH_USER_PATHS = NO;
				CLANG_ANALYZER_NONNULL = YES;
				CLANG_ANALYZER_NUMBER_OBJECT_CONVERSION = YES_AGGRESSIVE;
				CLANG_CXX_LANGUAGE_STANDARD = "gnu++14";
				CLANG_CXX_LIBRARY = "libc++";
				CLANG_ENABLE_MODULES = YES;
				CLANG_ENABLE_OBJC_ARC = YES;
				CLANG_ENABLE_OBJC_WEAK = YES;
				CLANG_WARN_BLOCK_CAPTURE_AUTORELEASING = YES;
				CLANG_WARN_BOOL_CONVERSION = YES;
				CLANG_WARN_COMMA = YES;
				CLANG_WARN_CONSTANT_CONVERSION = YES;
				CLANG_WARN_DEPRECATED_OBJC_IMPLEMENTATIONS = YES;
				CLANG_WARN_DIRECT_OBJC_ISA_USAGE = YES_ERROR;
				CLANG_WARN_DOCUMENTATION_COMMENTS = YES;
				CLANG_WARN_EMPTY_BODY = YES;
				CLANG_WARN_ENUM_CONVERSION = YES;
				CLANG_WARN_INFINITE_RECURSION = YES;
				CLANG_WARN_INT_CONVERSION = YES;
				CLANG_WARN_NON_LITERAL_NULL_CONVERSION = YES;
				CLANG_WARN_OBJC_IMPLICIT_RETAIN_SELF = YES;
				CLANG_WARN_OBJC_LITERAL_CONVERSION = YES;
				CLANG_WARN_OBJC_ROOT_CLASS = YES_ERROR;
				CLANG_WARN_QUOTED_INCLUDE_IN_FRAMEWORK_HEADER = YES;
				CLANG_WARN_RANGE_LOOP_ANALYSIS = YES;
				CLANG_WARN_STRICT_PROTOTYPES = YES;
				CLANG_WARN_SUSPICIOUS_MOVE = YES;
				CLANG_WARN_UNGUARDED_AVAILABILITY = YES_AGGRESSIVE;
				CLANG_WARN_UNREACHABLE_CODE = YES;
				CLANG_WARN__DUPLICATE_METHOD_MATCH = YES;
				COPY_PHASE_STRIP = NO;
				DEBUG_INFORMATION_FORMAT = "dwarf-with-dsym";
				ENABLE_NS_ASSERTIONS = NO;
				ENABLE_STRICT_OBJC_MSGSEND = YES;
				GCC_C_LANGUAGE_STANDARD = gnu11;
				GCC_NO_COMMON_BLOCKS = YES;
				GCC_WARN_64_TO_32_BIT_CONVERSION = YES;
				GCC_WARN_ABOUT_RETURN_TYPE = YES_ERROR;
				GCC_WARN_UNDECLARED_SELECTOR = YES;
				GCC_WARN_UNINITIALIZED_AUTOS = YES_AGGRESSIVE;
				GCC_WARN_UNUSED_FUNCTION = YES;
				GCC_WARN_UNUSED_VARIABLE = YES;
				MTL_ENABLE_DEBUG_INFO = NO;
				MTL_FAST_MATH = YES;
				SWIFT_COMPILATION_MODE = wholemodule;
				SWIFT_OPTIMIZATION_LEVEL = "-O";
			};
			name = Release;
		};
		F7EED30A26FC2F36001EA317 /* Debug */ = {
			isa = XCBuildConfiguration;
			buildSettings = {
				ASSETCATALOG_COMPILER_APPICON_NAME = AppIcon;
				ASSETCATALOG_COMPILER_GLOBAL_ACCENT_COLOR_NAME = AccentColor;
				CODE_SIGN_STYLE = Automatic;
				CURRENT_PROJECT_VERSION = 1;
				DEVELOPMENT_TEAM = 2H866F22W7;
				ENABLE_PREVIEWS = YES;
				GENERATE_INFOPLIST_FILE = YES;
				INFOPLIST_KEY_UIApplicationSceneManifest_Generation = YES;
				INFOPLIST_KEY_UIApplicationSupportsIndirectInputEvents = YES;
				INFOPLIST_KEY_UILaunchScreen_Generation = YES;
				INFOPLIST_KEY_UISupportedInterfaceOrientations_iPad = "UIInterfaceOrientationPortrait UIInterfaceOrientationPortraitUpsideDown UIInterfaceOrientationLandscapeLeft UIInterfaceOrientationLandscapeRight";
				INFOPLIST_KEY_UISupportedInterfaceOrientations_iPhone = "UIInterfaceOrientationPortrait UIInterfaceOrientationLandscapeLeft UIInterfaceOrientationLandscapeRight";
				IPHONEOS_DEPLOYMENT_TARGET = 15.0;
				LD_RUNPATH_SEARCH_PATHS = (
					"$(inherited)",
					"@executable_path/Frameworks",
				);
				MARKETING_VERSION = 1.0;
				PRODUCT_BUNDLE_IDENTIFIER = dev.uwapp.FoodTracker;
				PRODUCT_NAME = FoodTracker;
				SDKROOT = iphoneos;
				SWIFT_EMIT_LOC_STRINGS = YES;
				SWIFT_VERSION = 5.0;
				TARGETED_DEVICE_FAMILY = "1,2";
			};
			name = Debug;
		};
		F7EED30B26FC2F36001EA317 /* Release */ = {
			isa = XCBuildConfiguration;
			buildSettings = {
				ASSETCATALOG_COMPILER_APPICON_NAME = AppIcon;
				ASSETCATALOG_COMPILER_GLOBAL_ACCENT_COLOR_NAME = AccentColor;
				CODE_SIGN_STYLE = Automatic;
				CURRENT_PROJECT_VERSION = 1;
				DEVELOPMENT_TEAM = 2H866F22W7;
				ENABLE_PREVIEWS = YES;
				GENERATE_INFOPLIST_FILE = YES;
				INFOPLIST_KEY_UIApplicationSceneManifest_Generation = YES;
				INFOPLIST_KEY_UIApplicationSupportsIndirectInputEvents = YES;
				INFOPLIST_KEY_UILaunchScreen_Generation = YES;
				INFOPLIST_KEY_UISupportedInterfaceOrientations_iPad = "UIInterfaceOrientationPortrait UIInterfaceOrientationPortraitUpsideDown UIInterfaceOrientationLandscapeLeft UIInterfaceOrientationLandscapeRight";
				INFOPLIST_KEY_UISupportedInterfaceOrientations_iPhone = "UIInterfaceOrientationPortrait UIInterfaceOrientationLandscapeLeft UIInterfaceOrientationLandscapeRight";
				IPHONEOS_DEPLOYMENT_TARGET = 15.0;
				LD_RUNPATH_SEARCH_PATHS = (
					"$(inherited)",
					"@executable_path/Frameworks",
				);
				MARKETING_VERSION = 1.0;
				PRODUCT_BUNDLE_IDENTIFIER = dev.uwapp.FoodTracker;
				PRODUCT_NAME = FoodTracker;
				SDKROOT = iphoneos;
				SWIFT_EMIT_LOC_STRINGS = YES;
				SWIFT_VERSION = 5.0;
				TARGETED_DEVICE_FAMILY = "1,2";
				VALIDATE_PRODUCT = YES;
			};
			name = Release;
		};
		F7EED30D26FC2F36001EA317 /* Debug */ = {
			isa = XCBuildConfiguration;
			buildSettings = {
				ASSETCATALOG_COMPILER_APPICON_NAME = AppIcon;
				ASSETCATALOG_COMPILER_GLOBAL_ACCENT_COLOR_NAME = AccentColor;
				CODE_SIGN_STYLE = Automatic;
				COMBINE_HIDPI_IMAGES = YES;
				CURRENT_PROJECT_VERSION = 1;
				DEVELOPMENT_TEAM = 2H866F22W7;
				ENABLE_APP_SANDBOX = YES;
				ENABLE_HARDENED_RUNTIME = YES;
				ENABLE_PREVIEWS = YES;
				ENABLE_USER_SELECTED_FILES = readonly;
				GENERATE_INFOPLIST_FILE = YES;
				INFOPLIST_KEY_NSHumanReadableCopyright = "";
				LD_RUNPATH_SEARCH_PATHS = (
					"$(inherited)",
					"@executable_path/../Frameworks",
				);
				MACOSX_DEPLOYMENT_TARGET = 12.0;
				MARKETING_VERSION = 1.0;
				PRODUCT_BUNDLE_IDENTIFIER = dev.uwapp.FoodTracker;
				PRODUCT_NAME = FoodTracker;
				SDKROOT = macosx;
				SWIFT_EMIT_LOC_STRINGS = YES;
				SWIFT_VERSION = 5.0;
			};
			name = Debug;
		};
		F7EED30E26FC2F36001EA317 /* Release */ = {
			isa = XCBuildConfiguration;
			buildSettings = {
				ASSETCATALOG_COMPILER_APPICON_NAME = AppIcon;
				ASSETCATALOG_COMPILER_GLOBAL_ACCENT_COLOR_NAME = AccentColor;
				CODE_SIGN_STYLE = Automatic;
				COMBINE_HIDPI_IMAGES = YES;
				CURRENT_PROJECT_VERSION = 1;
				DEVELOPMENT_TEAM = 2H866F22W7;
				ENABLE_APP_SANDBOX = YES;
				ENABLE_HARDENED_RUNTIME = YES;
				ENABLE_PREVIEWS = YES;
				ENABLE_USER_SELECTED_FILES = readonly;
				GENERATE_INFOPLIST_FILE = YES;
				INFOPLIST_KEY_NSHumanReadableCopyright = "";
				LD_RUNPATH_SEARCH_PATHS = (
					"$(inherited)",
					"@executable_path/../Frameworks",
				);
				MACOSX_DEPLOYMENT_TARGET = 12.0;
				MARKETING_VERSION = 1.0;
				PRODUCT_BUNDLE_IDENTIFIER = dev.uwapp.FoodTracker;
				PRODUCT_NAME = FoodTracker;
				SDKROOT = macosx;
				SWIFT_EMIT_LOC_STRINGS = YES;
				SWIFT_VERSION = 5.0;
			};
			name = Release;
		};
/* End XCBuildConfiguration section */

/* Begin XCConfigurationList section */
		D29F5E99272D27DB001F94D0 /* Build configuration list for PBXNativeTarget "FoodTrackerTests-iOS" */ = {
			isa = XCConfigurationList;
			buildConfigurations = (
				D29F5E9A272D27DB001F94D0 /* Debug */,
				D29F5E9B272D27DB001F94D0 /* Release */,
			);
			defaultConfigurationIsVisible = 0;
			defaultConfigurationName = Release;
		};
		D29F5EA6272D2858001F94D0 /* Build configuration list for PBXNativeTarget "FoodTrackerTests-macOS" */ = {
			isa = XCConfigurationList;
			buildConfigurations = (
				D29F5EA7272D2858001F94D0 /* Debug */,
				D29F5EA8272D2858001F94D0 /* Release */,
			);
			defaultConfigurationIsVisible = 0;
			defaultConfigurationName = Release;
		};
		F7EED2F126FC2F35001EA317 /* Build configuration list for PBXProject "FoodTracker" */ = {
			isa = XCConfigurationList;
			buildConfigurations = (
				F7EED30726FC2F36001EA317 /* Debug */,
				F7EED30826FC2F36001EA317 /* Release */,
			);
			defaultConfigurationIsVisible = 0;
			defaultConfigurationName = Release;
		};
		F7EED30926FC2F36001EA317 /* Build configuration list for PBXNativeTarget "FoodTracker (iOS)" */ = {
			isa = XCConfigurationList;
			buildConfigurations = (
				F7EED30A26FC2F36001EA317 /* Debug */,
				F7EED30B26FC2F36001EA317 /* Release */,
			);
			defaultConfigurationIsVisible = 0;
			defaultConfigurationName = Release;
		};
		F7EED30C26FC2F36001EA317 /* Build configuration list for PBXNativeTarget "FoodTracker (macOS)" */ = {
			isa = XCConfigurationList;
			buildConfigurations = (
				F7EED30D26FC2F36001EA317 /* Debug */,
				F7EED30E26FC2F36001EA317 /* Release */,
			);
			defaultConfigurationIsVisible = 0;
			defaultConfigurationName = Release;
		};
/* End XCConfigurationList section */

/* Begin XCRemoteSwiftPackageReference section */
		D204998C27335A6C0001264D /* XCRemoteSwiftPackageReference "SwiftUI-MediaPicker" */ = {
			isa = XCRemoteSwiftPackageReference;
			repositoryURL = "https://github.com/UWAppDev/SwiftUI-MediaPicker.git";
			requirement = {
				branch = main;
				kind = branch;
			};
		};
/* End XCRemoteSwiftPackageReference section */

/* Begin XCSwiftPackageProductDependency section */
		D204998D27335A6C0001264D /* MediaPicker */ = {
			isa = XCSwiftPackageProductDependency;
			package = D204998C27335A6C0001264D /* XCRemoteSwiftPackageReference "SwiftUI-MediaPicker" */;
			productName = MediaPicker;
		};
		D204998F27335A790001264D /* MediaPicker */ = {
			isa = XCSwiftPackageProductDependency;
			package = D204998C27335A6C0001264D /* XCRemoteSwiftPackageReference "SwiftUI-MediaPicker" */;
			productName = MediaPicker;
		};
/* End XCSwiftPackageProductDependency section */
	};
	rootObject = F7EED2EE26FC2F35001EA317 /* Project object */;
}
